%{
  "castore": {:hex, :castore, "1.0.9", "5cc77474afadf02c7c017823f460a17daa7908e991b0cc917febc90e466a375c", [:mix], [], "hexpm", "5ea956504f1ba6f2b4eb707061d8e17870de2bee95fb59d512872c2ef06925e7"},
  "resvg": {:hex, :resvg, "0.3.3", "5c8c07d088b535248ff231d045c8be8e5d3fbf8bec09d7fbb39acfc793d22ce8", [:mix], [{:rustler, "~> 0.33.0", [hex: :rustler, repo: "hexpm", optional: true]}, {:rustler_precompiled, "~> 0.7.0", [hex: :rustler_precompiled, repo: "hexpm", optional: false]}], "hexpm", "b68b379831ef9b81d0d3e7cd320edd99101de3317f0653699b8092b3cb768781"},
  "rustler_precompiled": {:hex, :rustler_precompiled, "0.7.3", "42cb9449785cd86c87453e39afdd27a0bdfa5c77a4ec5dc5ce45112e06b9f89b", [:mix], [{:castore, "~> 0.1 or ~> 1.0", [hex: :castore, repo: "hexpm", optional: false]}, {:rustler, "~> 0.23", [hex: :rustler, repo: "hexpm", optional: true]}], "hexpm", "cbc4b3777682e5f6f43ed39b0e0b4a42dccde8053aba91b4514e8f5ff9a5ac6d"},
}
